
Microsoft Visual Studio Solution File, Format Version 12.00
# Visual Studio 14
VisualStudioVersion = 14.0.25123.0
MinimumVisualStudioVersion = 10.0.40219.1
Project("{FAE04EC0-301F-11D3-BF4B-00C04F79EFBC}") = "BusinessLayer", "BusinessLayer\BusinessLayer.csproj", "{9F08CAB4-4458-426F-8528-F169D24D85E3}"
EndProject
Project("{FAE04EC0-301F-11D3-BF4B-00C04F79EFBC}") = "CommonLayer", "CommonLayer\CommonLayer.csproj", "{C1C979B3-C285-4602-880A-CAE046CA1098}"
EndProject
Project("{FAE04EC0-301F-11D3-BF4B-00C04F79EFBC}") = "DataAccessLayer", "DataAccessLayer\DataAccessLayer.csproj", "{6559D327-D041-4D80-AFF0-A08D92790540}"
EndProject
Project("{FAE04EC0-301F-11D3-BF4B-00C04F79EFBC}") = "JamiatAhleHadees", "JamiatAhleHadees\JamiatAhleHadees.csproj", "{E62C9280-72AD-4EFE-9AEF-1EA0EA595122}"
EndProject
Global
	GlobalSection(SolutionConfigurationPlatforms) = preSolution
		Debug|Any CPU = Debug|Any CPU
		Release|Any CPU = Release|Any CPU
	EndGlobalSection
	GlobalSection(ProjectConfigurationPlatforms) = postSolution
		{9F08CAB4-4458-426F-8528-F169D24D85E3}.Debug|Any CPU.ActiveCfg = Debug|Any CPU
		{9F08CAB4-4458-426F-8528-F169D24D85E3}.Debug|Any CPU.Build.0 = Debug|Any CPU
		{9F08CAB4-4458-426F-8528-F169D24D85E3}.Release|Any CPU.ActiveCfg = Release|Any CPU
		{9F08CAB4-4458-426F-8528-F169D24D85E3}.Release|Any CPU.Build.0 = Release|Any CPU
		{C1C979B3-C285-4602-880A-CAE046CA1098}.Debug|Any CPU.ActiveCfg = Debug|Any CPU
		{C1C979B3-C285-4602-880A-CAE046CA1098}.Debug|Any CPU.Build.0 = Debug|Any CPU
		{C1C979B3-C285-4602-880A-CAE046CA1098}.Release|Any CPU.ActiveCfg = Release|Any CPU
		{C1C979B3-C285-4602-880A-CAE046CA1098}.Release|Any CPU.Build.0 = Release|Any CPU
		{6559D327-D041-4D80-AFF0-A08D92790540}.Debug|Any CPU.ActiveCfg = Debug|Any CPU
		{6559D327-D041-4D80-AFF0-A08D92790540}.Debug|Any CPU.Build.0 = Debug|Any CPU
		{6559D327-D041-4D80-AFF0-A08D92790540}.Release|Any CPU.ActiveCfg = Release|Any CPU
		{6559D327-D041-4D80-AFF0-A08D92790540}.Release|Any CPU.Build.0 = Release|Any CPU
		{E62C9280-72AD-4EFE-9AEF-1EA0EA595122}.Debug|Any CPU.ActiveCfg = Debug|Any CPU
		{E62C9280-72AD-4EFE-9AEF-1EA0EA595122}.Debug|Any CPU.Build.0 = Debug|Any CPU
		{E62C9280-72AD-4EFE-9AEF-1EA0EA595122}.Release|Any CPU.ActiveCfg = Release|Any CPU
		{E62C9280-72AD-4EFE-9AEF-1EA0EA595122}.Release|Any CPU.Build.0 = Release|Any CPU
	EndGlobalSection
	GlobalSection(SolutionProperties) = preSolution
		HideSolutionNode = FALSE
	EndGlobalSection
EndGlobal
